{
  "lockfile_version": "1",
  "packages": {
    "git@latest": {
      "last_modified": "2025-07-21T09:58:03Z",
      "resolved": "github:NixOS/nixpkgs/2baf8e1658cba84a032c3a8befb1e7b06629242a#git",
      "source": "devbox-search",
      "version": "2.50.0",
      "systems": {
        "aarch64-darwin": {
          "outputs": [
            {
              "name": "out",
              "path": "/nix/store/2jwgd7jj1dil1b73h8hnh0xj928416jp-git-2.50.0",
              "default": true
            },
            {
              "name": "doc",
              "path": "/nix/store/wfg8mczayhr7k13bq6fjl1h7rxg5f6p8-git-2.50.0-doc"
            }
          ],
          "store_path": "/nix/store/2jwgd7jj1dil1b73h8hnh0xj928416jp-git-2.50.0"
        },
        "aarch64-linux": {
          "outputs": [
            {
              "name": "out",
              "path": "/nix/store/7mp9n7lbilhk56s842rigrjclbr5ipdj-git-2.50.0",
              "default": true
            },
            {
              "name": "debug",
              "path": "/nix/store/dajrhy2l14ghs5awaag5n8yj62lwsyg9-git-2.50.0-debug"
            },
            {
              "name": "doc",
              "path": "/nix/store/kj8r3acr12x0hkxs0hyrpd8wknvvwhd2-git-2.50.0-doc"
            }
          ],
          "store_path": "/nix/store/7mp9n7lbilhk56s842rigrjclbr5ipdj-git-2.50.0"
        },
        "x86_64-darwin": {
          "outputs": [
            {
              "name": "out",
              "path": "/nix/store/wy5g4i1fr1vrg2drjflbsd75rq7j9rh9-git-2.50.0",
              "default": true
            },
            {
              "name": "doc",
              "path": "/nix/store/kc1k9n4im10nlm6csp16jg3052vdmifa-git-2.50.0-doc"
            }
          ],
          "store_path": "/nix/store/wy5g4i1fr1vrg2drjflbsd75rq7j9rh9-git-2.50.0"
        },
        "x86_64-linux": {
          "outputs": [
            {
              "name": "out",
              "path": "/nix/store/khdq35xh67vw7j7k9y4q9l0svxznhx1b-git-2.50.0",
              "default": true
            },
            {
              "name": "debug",
              "path": "/nix/store/h29apnv0hcp0w03whsh03izhq7ln1jyw-git-2.50.0-debug"
            },
            {
              "name": "doc",
              "path": "/nix/store/fypvhmxqj3583rkzxvmwakw10yri2i23-git-2.50.0-doc"
            }
          ],
          "store_path": "/nix/store/khdq35xh67vw7j7k9y4q9l0svxznhx1b-git-2.50.0"
        }
      }
    },
    "github:NixOS/nixpkgs/nixpkgs-unstable": {
      "last_modified": "2025-08-04T20:54:38Z",
      "resolved": "github:NixOS/nixpkgs/cab778239e705082fe97bb4990e0d24c50924c04?lastModified=1754340878&narHash=sha256-lgmUyVQL9tSnvvIvBp7x1euhkkCho7n3TMzgjdvgPoU%3D"
    },
    "node2nix@latest": {
      "last_modified": "2025-07-16T16:36:02Z",
      "resolved": "github:NixOS/nixpkgs/fa64ec5c1ca6f17746f3defedb988b9248e97616#node2nix",
      "source": "devbox-search",
      "version": "1.11.0",
      "systems": {
        "aarch64-darwin": {
          "outputs": [
            {
              "name": "out",
              "path": "/nix/store/7hzpmz48csz36sln5gqkpli6zivq9bqw-node2nix-1.11.0",
              "default": true
            }
          ],
          "store_path": "/nix/store/7hzpmz48csz36sln5gqkpli6zivq9bqw-node2nix-1.11.0"
        },
        "aarch64-linux": {
          "outputs": [
            {
              "name": "out",
              "path": "/nix/store/yp2f5as04zmdsly527prvck9kaxqpw4d-node2nix-1.11.0",
              "default": true
            }
          ],
          "store_path": "/nix/store/yp2f5as04zmdsly527prvck9kaxqpw4d-node2nix-1.11.0"
        },
        "x86_64-darwin": {
          "outputs": [
            {
              "name": "out",
              "path": "/nix/store/v3mnbg1w2rqib394aqw1vhzxnidpgri0-node2nix-1.11.0",
              "default": true
            }
          ],
          "store_path": "/nix/store/v3mnbg1w2rqib394aqw1vhzxnidpgri0-node2nix-1.11.0"
        },
        "x86_64-linux": {
          "outputs": [
            {
              "name": "out",
              "path": "/nix/store/sq2mcdk764a1500dz9ylyxv3z0dasf7d-node2nix-1.11.0",
              "default": true
            }
          ],
          "store_path": "/nix/store/sq2mcdk764a1500dz9ylyxv3z0dasf7d-node2nix-1.11.0"
        }
      }
    },
    "nodejs_24@latest": {
      "last_modified": "2025-07-25T08:26:56Z",
      "plugin_version": "0.0.2",
      "resolved": "github:NixOS/nixpkgs/6027c30c8e9810896b92429f0092f624f7b1aace#nodejs_24",
      "source": "devbox-search",
      "version": "24.4.1",
      "systems": {
        "aarch64-darwin": {
          "outputs": [
            {
              "name": "out",
              "path": "/nix/store/1c4jixl4s8kyc9ypy6fbwrbwwvaxldi8-nodejs-24.4.1",
              "default": true
            },
            {
              "name": "dev",
              "path": "/nix/store/liix5qs67nyqidmi00zazw12ksc0pxxq-nodejs-24.4.1-dev"
            },
            {
              "name": "libv8",
              "path": "/nix/store/fm4q7qypbnb8iyf9qm7i07vzybhp6b53-nodejs-24.4.1-libv8"
            }
          ],
          "store_path": "/nix/store/1c4jixl4s8kyc9ypy6fbwrbwwvaxldi8-nodejs-24.4.1"
        },
        "aarch64-linux": {
          "outputs": [
            {
              "name": "out",
              "path": "/nix/store/k24g5rcnx42s4lwmgr9fh898xsc45668-nodejs-24.4.1",
              "default": true
            },
            {
              "name": "dev",
              "path": "/nix/store/jiz68w6405makvg4iibnhx5hhq95hbpg-nodejs-24.4.1-dev"
            },
            {
              "name": "libv8",
              "path": "/nix/store/yz7jfa49dq3y5hk7w4fzgxbbxn5r4c7b-nodejs-24.4.1-libv8"
            }
          ],
          "store_path": "/nix/store/k24g5rcnx42s4lwmgr9fh898xsc45668-nodejs-24.4.1"
        },
        "x86_64-darwin": {
          "outputs": [
            {
              "name": "out",
              "path": "/nix/store/wccpr20l2n1fmnyard3y33kkzi9iadb3-nodejs-24.4.1",
              "default": true
            },
            {
              "name": "dev",
              "path": "/nix/store/cpw2f6acji9nl40wsdcxy7vqb1895i4p-nodejs-24.4.1-dev"
            },
            {
              "name": "libv8",
              "path": "/nix/store/b8q5m7qggq3dydfksmxnrqyx70qrf44w-nodejs-24.4.1-libv8"
            }
          ],
          "store_path": "/nix/store/wccpr20l2n1fmnyard3y33kkzi9iadb3-nodejs-24.4.1"
        },
        "x86_64-linux": {
          "outputs": [
            {
              "name": "out",
              "path": "/nix/store/2bg4yn1ccasnw6cscqhgqwzfw8j2xq1m-nodejs-24.4.1",
              "default": true
            },
            {
              "name": "dev",
              "path": "/nix/store/7865hgg0qmbyambm53765ddy96qsg1vs-nodejs-24.4.1-dev"
            },
            {
              "name": "libv8",
              "path": "/nix/store/rla4nj6lpf3dz3fxqbgqzvlm3bwd0545-nodejs-24.4.1-libv8"
            }
          ],
          "store_path": "/nix/store/2bg4yn1ccasnw6cscqhgqwzfw8j2xq1m-nodejs-24.4.1"
        }
      }
    },
    "python@latest": {
      "last_modified": "2025-05-16T20:19:48Z",
      "plugin_version": "0.0.4",
      "resolved": "github:NixOS/nixpkgs/12a55407652e04dcf2309436eb06fef0d3713ef3#python313",
      "source": "devbox-search",
      "version": "3.13.3",
      "systems": {
        "aarch64-darwin": {
          "outputs": [
            {
              "name": "out",
              "path": "/nix/store/1a8xg8l3m67hxinxzzcsak9736qm9vsf-python3-3.13.3",
              "default": true
            }
          ],
          "store_path": "/nix/store/1a8xg8l3m67hxinxzzcsak9736qm9vsf-python3-3.13.3"
        },
        "aarch64-linux": {
          "outputs": [
            {
              "name": "out",
              "path": "/nix/store/yy0xvc2rydhrs0h1v8d7r3sql347xzz5-python3-3.13.3",
              "default": true
            },
            {
              "name": "debug",
              "path": "/nix/store/42bxfqfrh8cwspl7szr0cw8739xv8qlq-python3-3.13.3-debug"
            }
          ],
          "store_path": "/nix/store/yy0xvc2rydhrs0h1v8d7r3sql347xzz5-python3-3.13.3"
        },
        "x86_64-darwin": {
          "outputs": [
            {
              "name": "out",
              "path": "/nix/store/gbrigjhghz9v2p0zf9b2fnvs0g0yx7q4-python3-3.13.3",
              "default": true
            }
          ],
          "store_path": "/nix/store/gbrigjhghz9v2p0zf9b2fnvs0g0yx7q4-python3-3.13.3"
        },
        "x86_64-linux": {
          "outputs": [
            {
              "name": "out",
              "path": "/nix/store/2mab9iiwhcqwk75qwvp3zv0bvbiaq6cs-python3-3.13.3",
              "default": true
            },
            {
              "name": "debug",
              "path": "/nix/store/9z6k8ijl2md0y2n95yprbjj4vxbfsi15-python3-3.13.3-debug"
            }
          ],
          "store_path": "/nix/store/2mab9iiwhcqwk75qwvp3zv0bvbiaq6cs-python3-3.13.3"
        }
      }
    },
    "uv@latest": {
      "last_modified": "2025-07-24T15:00:16Z",
      "resolved": "github:NixOS/nixpkgs/b74a30dbc0a72e20df07d43109339f780b439291#uv",
      "source": "devbox-search",
      "version": "0.8.2",
      "systems": {
        "aarch64-darwin": {
          "outputs": [
            {
              "name": "out",
              "path": "/nix/store/6iy8d2cn8sykw5h8lzylc46vv3ah00p0-uv-0.8.2",
              "default": true
            }
          ],
          "store_path": "/nix/store/6iy8d2cn8sykw5h8lzylc46vv3ah00p0-uv-0.8.2"
        },
        "aarch64-linux": {
          "outputs": [
            {
              "name": "out",
              "path": "/nix/store/mr45kbhf7s1slkm10ba21skch5qvbag3-uv-0.8.2",
              "default": true
            }
          ],
          "store_path": "/nix/store/mr45kbhf7s1slkm10ba21skch5qvbag3-uv-0.8.2"
        },
        "x86_64-darwin": {
          "outputs": [
            {
              "name": "out",
              "path": "/nix/store/3k7b264mci6jgb8whw47wixjvfg8ws6g-uv-0.8.2",
              "default": true
            }
          ],
          "store_path": "/nix/store/3k7b264mci6jgb8whw47wixjvfg8ws6g-uv-0.8.2"
        },
        "x86_64-linux": {
          "outputs": [
            {
              "name": "out",
              "path": "/nix/store/sd4i4r0w1dx5bqxwlpgi5wrza8p850xp-uv-0.8.2",
              "default": true
            }
          ],
          "store_path": "/nix/store/sd4i4r0w1dx5bqxwlpgi5wrza8p850xp-uv-0.8.2"
        }
      }
    },
    "vscode@latest": {
      "last_modified": "2025-07-17T10:11:59Z",
      "resolved": "github:NixOS/nixpkgs/fa0ef8a6bb1651aa26c939aeb51b5f499e86b0ec#vscode",
      "source": "devbox-search",
      "version": "1.102.1",
      "systems": {
        "aarch64-darwin": {
          "outputs": [
            {
              "name": "out",
              "path": "/nix/store/fisgzfjwmj1sk5fvxcbhkwrm8hwiqqb6-vscode-1.102.1",
              "default": true
            }
          ],
          "store_path": "/nix/store/fisgzfjwmj1sk5fvxcbhkwrm8hwiqqb6-vscode-1.102.1"
        },
        "aarch64-linux": {
          "outputs": [
            {
              "name": "out",
              "path": "/nix/store/x7xcnlylspy22p68dri1gl3bgzcm9129-vscode-1.102.1",
              "default": true
            }
          ],
          "store_path": "/nix/store/x7xcnlylspy22p68dri1gl3bgzcm9129-vscode-1.102.1"
        },
        "x86_64-darwin": {
          "outputs": [
            {
              "name": "out",
              "path": "/nix/store/xp1xilqiplq3zfrx5brxi1gxgdx5zbyb-vscode-1.102.1",
              "default": true
            }
          ],
          "store_path": "/nix/store/xp1xilqiplq3zfrx5brxi1gxgdx5zbyb-vscode-1.102.1"
        },
        "x86_64-linux": {
          "outputs": [
            {
              "name": "out",
              "path": "/nix/store/gbkwpk5pzndgqm2mzw7kpx4rp46261h5-vscode-1.102.1",
              "default": true
            }
          ],
          "store_path": "/nix/store/gbkwpk5pzndgqm2mzw7kpx4rp46261h5-vscode-1.102.1"
        }
      }
    }
  }
}
